
Microsoft Visual Studio Solution File, Format Version 12.00
# Visual Studio Version 17
VisualStudioVersion = 17.1.32319.34
MinimumVisualStudioVersion = 10.0.40219.1
Project("{9A19103F-16F7-4668-BE54-9A1E7A4F7556}") = "raft", "raft.csproj", "{BD0F23F1-E115-4959-9197-39C0306C769F}"
EndProject
Global
	GlobalSection(SolutionConfigurationPlatforms) = preSolution
		Debug|Any CPU = Debug|Any CPU
		Release|Any CPU = Release|Any CPU
	EndGlobalSection
	GlobalSection(ProjectConfigurationPlatforms) = postSolution
		{BD0F23F1-E115-4959-9197-39C0306C769F}.Debug|Any CPU.ActiveCfg = Debug|Any CPU
		{BD0F23F1-E115-4959-9197-39C0306C769F}.Debug|Any CPU.Build.0 = Debug|Any CPU
		{BD0F23F1-E115-4959-9197-39C0306C769F}.Release|Any CPU.ActiveCfg = Release|Any CPU
		{BD0F23F1-E115-4959-9197-39C0306C769F}.Release|Any CPU.Build.0 = Release|Any CPU
	EndGlobalSection
	GlobalSection(SolutionProperties) = preSolution
		HideSolutionNode = FALSE
	EndGlobalSection
	GlobalSection(ExtensibilityGlobals) = postSolution
		SolutionGuid = {323648C0-8D0F-462F-9E27-9EFCC43A290E}
	EndGlobalSection
EndGlobal
